
Microsoft Visual Studio Solution File, Format Version 12.00
# Visual Studio Version 16
VisualStudioVersion = 16.0.30523.141
MinimumVisualStudioVersion = 10.0.40219.1
Project("{9A19103F-16F7-4668-BE54-9A1E7A4F7556}") = "iClipsBrain", "iClipsBrain\iClipsBrain.csproj", "{285F55D6-1D91-47A8-8070-3F82CCC49E3B}"
EndProject
Project("{9A19103F-16F7-4668-BE54-9A1E7A4F7556}") = "InteractiveCLIPS", "InteractiveCLIPS\InteractiveCLIPS.csproj", "{17CAC9A3-6E9D-4712-8430-36FAE4D6DCA0}"
EndProject
Project("{9A19103F-16F7-4668-BE54-9A1E7A4F7556}") = "AttentionModule", "Module\AttentionModule\AttentionModule.csproj", "{5EECD6BD-519B-406D-93B2-F20AC69CE34C}"
EndProject
Global
	GlobalSection(SolutionConfigurationPlatforms) = preSolution
		Debug|Any CPU = Debug|Any CPU
		Release|Any CPU = Release|Any CPU
	EndGlobalSection
	GlobalSection(ProjectConfigurationPlatforms) = postSolution
		{285F55D6-1D91-47A8-8070-3F82CCC49E3B}.Debug|Any CPU.ActiveCfg = Debug|Any CPU
		{285F55D6-1D91-47A8-8070-3F82CCC49E3B}.Debug|Any CPU.Build.0 = Debug|Any CPU
		{285F55D6-1D91-47A8-8070-3F82CCC49E3B}.Release|Any CPU.ActiveCfg = Release|Any CPU
		{285F55D6-1D91-47A8-8070-3F82CCC49E3B}.Release|Any CPU.Build.0 = Release|Any CPU
		{17CAC9A3-6E9D-4712-8430-36FAE4D6DCA0}.Debug|Any CPU.ActiveCfg = Debug|Any CPU
		{17CAC9A3-6E9D-4712-8430-36FAE4D6DCA0}.Debug|Any CPU.Build.0 = Debug|Any CPU
		{17CAC9A3-6E9D-4712-8430-36FAE4D6DCA0}.Release|Any CPU.ActiveCfg = Release|Any CPU
		{17CAC9A3-6E9D-4712-8430-36FAE4D6DCA0}.Release|Any CPU.Build.0 = Release|Any CPU
		{5EECD6BD-519B-406D-93B2-F20AC69CE34C}.Debug|Any CPU.ActiveCfg = Debug|Any CPU
		{5EECD6BD-519B-406D-93B2-F20AC69CE34C}.Debug|Any CPU.Build.0 = Debug|Any CPU
		{5EECD6BD-519B-406D-93B2-F20AC69CE34C}.Release|Any CPU.ActiveCfg = Release|Any CPU
		{5EECD6BD-519B-406D-93B2-F20AC69CE34C}.Release|Any CPU.Build.0 = Release|Any CPU
	EndGlobalSection
	GlobalSection(SolutionProperties) = preSolution
		HideSolutionNode = FALSE
	EndGlobalSection
	GlobalSection(ExtensibilityGlobals) = postSolution
		SolutionGuid = {A13A0829-EFF3-4AAB-B53A-FD066539CF3F}
	EndGlobalSection
EndGlobal
